<?xml version="1.0" encoding="utf-8"?>
<Project ToolsVersion="4.0" xmlns="http://schemas.microsoft.com/developer/msbuild/2003">
  <ItemGroup>
    <Page Include="ModelsView.xaml">
      <Filter>Views</Filter>
    </Page>
    <Page Include="WelcomeView.xaml">
      <Filter>Views</Filter>
    </Page>
    <Page Include="DownloadModelDialog.xaml">
      <Filter>Dialogs</Filter>
    </Page>
    <Page Include="InferenceView.xaml">
      <Filter>Views</Filter>
    </Page>
    <Page Include="CommonResources.xaml">
      <Filter>Views</Filter>
    </Page>
    <Page Include="SettingsView.xaml">
      <Filter>Views</Filter>
    </Page>
    <Page Include="SettingControl.xaml">
      <Filter>Controls</Filter>
    </Page>
    <Page Include="MaskEditor.xaml">
      <Filter>Controls</Filter>
    </Page>
    <Page Include="ShowcaseView.xaml">
      <Filter>Views</Filter>
    </Page>
    <Page Include="TitleBarHost.xaml">
      <Filter>Controls</Filter>
    </Page>
    <Page Include="ImportHuggingFaceModelDialog.xaml">
      <Filter>Dialogs</Filter>
    </Page>
    <Page Include="ImportLocalModelDialog.xaml">
      <Filter>Dialogs</Filter>
    </Page>
    <Page Include="InferenceOptionsView.xaml">
      <Filter>Views\Components</Filter>
    </Page>
    <Page Include="PromptEditorView.xaml">
      <Filter>Views\Components</Filter>
    </Page>
  </ItemGroup>
  <ItemGroup>
    <Midl Include="Views.idl">
      <Filter>Views</Filter>
    </Midl>
    <Midl Include="ViewModels.idl">
      <Filter>View Models</Filter>
    </Midl>
    <Midl Include="Dialogs.idl">
      <Filter>Dialogs</Filter>
    </Midl>
    <Midl Include="Converters.idl">
      <Filter>Converters</Filter>
    </Midl>
    <Midl Include="Controls.idl">
      <Filter>Controls</Filter>
    </Midl>
  </ItemGroup>
  <ItemGroup>
    <ClCompile Include="App.cpp" />
    <ClCompile Include="$(GeneratedFilesDir)module.g.cpp">
      <Filter>Config</Filter>
    </ClCompile>
    <ClCompile Include="pch.cpp">
      <Filter>Config</Filter>
    </ClCompile>
    <ClCompile Include="ModelsViewModel.cpp">
      <Filter>View Models</Filter>
    </ClCompile>
    <ClCompile Include="DownloadModelViewModel.cpp">
      <Filter>View Models</Filter>
    </ClCompile>
    <ClCompile Include="ModelRepository.cpp">
      <Filter>Models</Filter>
    </ClCompile>
    <ClCompile Include="InferenceViewModel.cpp">
      <Filter>View Models</Filter>
    </ClCompile>
    <ClCompile Include="IsNanToBooleanConverter.cpp">
      <Filter>Converters</Filter>
    </ClCompile>
    <ClCompile Include="NanToZeroConverter.cpp">
      <Filter>Converters</Filter>
    </ClCompile>
    <ClCompile Include="SizeToStringConverter.cpp">
      <Filter>Converters</Filter>
    </ClCompile>
    <ClCompile Include="StableDiffusionModelExecutor.cpp">
      <Filter>Models</Filter>
    </ClCompile>
    <ClCompile Include="ImageRepository.cpp">
      <Filter>Models</Filter>
    </ClCompile>
    <ClCompile Include="StringMapper.cpp">
      <Filter>Models</Filter>
    </ClCompile>
    <ClCompile Include="StringToImageSourceConverter.cpp">
      <Filter>Converters</Filter>
    </ClCompile>
    <ClCompile Include="BooleanInverter.cpp">
      <Filter>Converters</Filter>
    </ClCompile>
    <ClCompile Include="SettingsViewModel.cpp">
      <Filter>View Models</Filter>
    </ClCompile>
    <ClCompile Include="ImageMetadata.cpp">
      <Filter>Models</Filter>
    </ClCompile>
    <ClCompile Include="EqualsConverter.cpp">
      <Filter>Converters</Filter>
    </ClCompile>
    <ClCompile Include="BooleanToGridLengthConverter.cpp">
      <Filter>Converters</Filter>
    </ClCompile>
    <ClCompile Include="StorageFileToImageSourceConverter.cpp">
      <Filter>Converters</Filter>
    </ClCompile>
    <ClCompile Include="BooleanSwitchConverter.cpp">
      <Filter>Converters</Filter>
    </ClCompile>
    <ClCompile Include="IsNullConverter.cpp">
      <Filter>Converters</Filter>
    </ClCompile>
    <ClCompile Include="ShowcaseViewModel.cpp">
      <Filter>View Models</Filter>
    </ClCompile>
    <ClCompile Include="DeviceInformation.cpp">
      <Filter>Models</Filter>
    </ClCompile>
    <ClCompile Include="ImportHuggingFaceModelViewModel.cpp">
      <Filter>View Models</Filter>
    </ClCompile>
    <ClCompile Include="ImportLocalModelViewModel.cpp">
      <Filter>View Models</Filter>
    </ClCompile>
    <ClCompile Include="UnpaintState.cpp">
      <Filter>Models</Filter>
    </ClCompile>
    <ClCompile Include="InferenceOptionsViewModel.cpp">
      <Filter>View Models\Components</Filter>
    </ClCompile>
    <ClCompile Include="PromptEditorViewModel.cpp">
      <Filter>View Models\Components</Filter>
    </ClCompile>
  </ItemGroup>
  <ItemGroup>
    <Image Include="Assets\Wide310x150Logo.scale-200.png">
      <Filter>Assets</Filter>
    </Image>
    <Image Include="Assets\StoreLogo.png">
      <Filter>Assets</Filter>
    </Image>
    <Image Include="Assets\Square150x150Logo.scale-200.png">
      <Filter>Assets</Filter>
    </Image>
    <Image Include="Assets\Square44x44Logo.targetsize-24_altform-unplated.png">
      <Filter>Assets</Filter>
    </Image>
    <Image Include="Assets\Square44x44Logo.scale-200.png">
      <Filter>Assets</Filter>
    </Image>
    <Image Include="Assets\SplashScreen.scale-200.png">
      <Filter>Assets</Filter>
    </Image>
    <Image Include="Assets\LockScreenLogo.scale-200.png">
      <Filter>Assets</Filter>
    </Image>
    <Image Include="Assets\checkerboard.png">
      <Filter>Assets</Filter>
    </Image>
    <Image Include="Assets\unpaint.png">
      <Filter>Assets</Filter>
    </Image>
    <Image Include="Showcase\2023-06-03 21-01-50.png">
      <Filter>Showcase</Filter>
    </Image>
    <Image Include="Showcase\2023-06-02 22-54-48.png">
      <Filter>Showcase</Filter>
    </Image>
    <Image Include="Showcase\2023-06-03 00-07-38.png">
      <Filter>Showcase</Filter>
    </Image>
    <Image Include="Showcase\2023-06-03 19-32-26.png">
      <Filter>Showcase</Filter>
    </Image>
    <Image Include="Showcase\2023-06-03 20-41-12.png">
      <Filter>Showcase</Filter>
    </Image>
    <Image Include="Showcase\2023-06-03 20-48-40.png">
      <Filter>Showcase</Filter>
    </Image>
    <Image Include="Showcase\2023-06-03 20-50-21.png">
      <Filter>Showcase</Filter>
    </Image>
    <Image Include="Showcase\2023-06-03 20-57-48.png">
      <Filter>Showcase</Filter>
    </Image>
  </ItemGroup>
  <ItemGroup>
    <Filter Include="Assets">
      <UniqueIdentifier>{e48dc53e-40b1-40cb-970a-f89935452892}</UniqueIdentifier>
    </Filter>
    <Filter Include="Views">
      <UniqueIdentifier>{47d52f31-476b-46fe-b04b-1d309fcb8d06}</UniqueIdentifier>
    </Filter>
    <Filter Include="Config">
      <UniqueIdentifier>{e4e586d8-b9de-4cc3-b681-a313e6e8e2e0}</UniqueIdentifier>
    </Filter>
    <Filter Include="View Models">
      <UniqueIdentifier>{10809349-87c4-4be7-8f7a-5bbde132e42a}</UniqueIdentifier>
    </Filter>
    <Filter Include="Dialogs">
      <UniqueIdentifier>{29435cf7-5a13-4993-a038-8a260f21a88c}</UniqueIdentifier>
    </Filter>
    <Filter Include="Models">
      <UniqueIdentifier>{d623e85b-86a8-4d95-a78e-76ee6c1f811a}</UniqueIdentifier>
    </Filter>
    <Filter Include="Converters">
      <UniqueIdentifier>{7fb5b1b2-dfdc-4974-beea-97be26315223}</UniqueIdentifier>
    </Filter>
    <Filter Include="Data">
      <UniqueIdentifier>{93d7435d-4385-4dc0-9b01-21fa2270c8f1}</UniqueIdentifier>
    </Filter>
    <Filter Include="Controls">
      <UniqueIdentifier>{5e02f57c-cabe-4e22-9862-1b41c4e0e3a3}</UniqueIdentifier>
    </Filter>
    <Filter Include="Showcase">
      <UniqueIdentifier>{4b892c8c-93a7-4605-a943-4f6d412def76}</UniqueIdentifier>
    </Filter>
    <Filter Include="Views\Components">
      <UniqueIdentifier>{314e327b-31fb-4516-b2fe-5c3b05b0b9a7}</UniqueIdentifier>
    </Filter>
    <Filter Include="View Models\Components">
      <UniqueIdentifier>{6a1fdbb4-7ba1-492b-8a09-61f37e6c2b8a}</UniqueIdentifier>
    </Filter>
  </ItemGroup>
  <ItemGroup>
    <None Include="packages.config">
      <Filter>Config</Filter>
    </None>
    <None Include="PropertySheet.props">
      <Filter>Config</Filter>
    </None>
    <None Include="custom_op_cliptok.onnx">
      <Filter>Data</Filter>
    </None>
    <None Include="ortextensions.dll">
      <Filter>Data</Filter>
    </None>
    <None Include="key.pfx" />
    <None Include="$(MSBuildThisFileDirectory)..\..\runtimes\win-x64\native\onnxruntime.dll" />
    <None Include="concrt140.dll" />
  </ItemGroup>
  <ItemGroup>
    <ApplicationDefinition Include="App.xaml">
      <Filter>Config</Filter>
    </ApplicationDefinition>
  </ItemGroup>
  <ItemGroup>
    <AppxManifest Include="Package.appxmanifest">
      <Filter>Config</Filter>
    </AppxManifest>
  </ItemGroup>
  <ItemGroup>
    <ClInclude Include="pch.h">
      <Filter>Config</Filter>
    </ClInclude>
    <ClInclude Include="ModelsViewModel.h">
      <Filter>View Models</Filter>
    </ClInclude>
    <ClInclude Include="DownloadModelViewModel.h">
      <Filter>View Models</Filter>
    </ClInclude>
    <ClInclude Include="ModelRepository.h">
      <Filter>Models</Filter>
    </ClInclude>
    <ClInclude Include="InferenceViewModel.h">
      <Filter>View Models</Filter>
    </ClInclude>
    <ClInclude Include="IsNanToBooleanConverter.h">
      <Filter>Converters</Filter>
    </ClInclude>
    <ClInclude Include="NanToZeroConverter.h">
      <Filter>Converters</Filter>
    </ClInclude>
    <ClInclude Include="SizeToStringConverter.h">
      <Filter>Converters</Filter>
    </ClInclude>
    <ClInclude Include="StableDiffusionModelExecutor.h">
      <Filter>Models</Filter>
    </ClInclude>
    <ClInclude Include="ImageRepository.h">
      <Filter>Models</Filter>
    </ClInclude>
    <ClInclude Include="StringMapper.h">
      <Filter>Models</Filter>
    </ClInclude>
    <ClInclude Include="StringToImageSourceConverter.h">
      <Filter>Converters</Filter>
    </ClInclude>
    <ClInclude Include="BooleanInverter.h">
      <Filter>Converters</Filter>
    </ClInclude>
    <ClInclude Include="SettingsViewModel.h">
      <Filter>View Models</Filter>
    </ClInclude>
    <ClInclude Include="ImageMetadata.h">
      <Filter>Models</Filter>
    </ClInclude>
    <ClInclude Include="EqualsConverter.h">
      <Filter>Converters</Filter>
    </ClInclude>
    <ClInclude Include="BooleanToGridLengthConverter.h">
      <Filter>Converters</Filter>
    </ClInclude>
    <ClInclude Include="StorageFileToImageSourceConverter.h">
      <Filter>Converters</Filter>
    </ClInclude>
    <ClInclude Include="BooleanSwitchConverter.h">
      <Filter>Converters</Filter>
    </ClInclude>
    <ClInclude Include="IsNullConverter.h">
      <Filter>Converters</Filter>
    </ClInclude>
    <ClInclude Include="UnpaintState.h">
      <Filter>Models</Filter>
    </ClInclude>
    <ClInclude Include="ShowcaseViewModel.h">
      <Filter>View Models</Filter>
    </ClInclude>
    <ClInclude Include="DeviceInformation.h">
      <Filter>Models</Filter>
    </ClInclude>
    <ClInclude Include="ImportHuggingFaceModelViewModel.h">
      <Filter>View Models</Filter>
    </ClInclude>
    <ClInclude Include="ImportLocalModelViewModel.h">
      <Filter>View Models</Filter>
    </ClInclude>
    <ClInclude Include="OptionProperty.h">
      <Filter>Models</Filter>
    </ClInclude>
    <ClInclude Include="InferenceOptionsViewModel.h">
      <Filter>View Models\Components</Filter>
    </ClInclude>
    <ClInclude Include="PromptEditorViewModel.h">
      <Filter>View Models\Components</Filter>
    </ClInclude>
  </ItemGroup>
  <ItemGroup>
    <Text Include="changelog.txt" />
  </ItemGroup>
</Project>