<?xml version="1.0" encoding="utf-8"?>
<Project ToolsVersion="4.0" xmlns="http://schemas.microsoft.com/developer/msbuild/2003">
  <ItemGroup>
    <Page Include="ModelsView.xaml">
      <Filter>Views</Filter>
    </Page>
    <Page Include="MainView.xaml">
      <Filter>Views</Filter>
    </Page>
    <Page Include="CommonResources.xaml" />
    <Page Include="WelcomeView.xaml">
      <Filter>Views</Filter>
    </Page>
    <Page Include="DownloadModelDialog.xaml">
      <Filter>Dialogs</Filter>
    </Page>
    <Page Include="InferenceView.xaml">
      <Filter>Views</Filter>
    </Page>
  </ItemGroup>
  <ItemGroup>
    <Midl Include="App.idl" />
    <Midl Include="Views.idl">
      <Filter>Views</Filter>
    </Midl>
    <Midl Include="ViewModels.idl">
      <Filter>View Models</Filter>
    </Midl>
    <Midl Include="Dialogs.idl">
      <Filter>Dialogs</Filter>
    </Midl>
  </ItemGroup>
  <ItemGroup>
    <ClCompile Include="App.cpp" />
    <ClCompile Include="$(GeneratedFilesDir)module.g.cpp">
      <Filter>Config</Filter>
    </ClCompile>
    <ClCompile Include="pch.cpp">
      <Filter>Config</Filter>
    </ClCompile>
    <ClCompile Include="ModelsViewModel.cpp">
      <Filter>View Models</Filter>
    </ClCompile>
    <ClCompile Include="DownloadModelViewModel.cpp">
      <Filter>View Models</Filter>
    </ClCompile>
    <ClCompile Include="ModelRepository.cpp">
      <Filter>Models</Filter>
    </ClCompile>
    <ClCompile Include="InferenceViewModel.cpp">
      <Filter>View Models</Filter>
    </ClCompile>
  </ItemGroup>
  <ItemGroup>
    <Image Include="Assets\Wide310x150Logo.scale-200.png">
      <Filter>Assets</Filter>
    </Image>
    <Image Include="Assets\StoreLogo.png">
      <Filter>Assets</Filter>
    </Image>
    <Image Include="Assets\Square150x150Logo.scale-200.png">
      <Filter>Assets</Filter>
    </Image>
    <Image Include="Assets\Square44x44Logo.targetsize-24_altform-unplated.png">
      <Filter>Assets</Filter>
    </Image>
    <Image Include="Assets\Square44x44Logo.scale-200.png">
      <Filter>Assets</Filter>
    </Image>
    <Image Include="Assets\SplashScreen.scale-200.png">
      <Filter>Assets</Filter>
    </Image>
    <Image Include="Assets\LockScreenLogo.scale-200.png">
      <Filter>Assets</Filter>
    </Image>
  </ItemGroup>
  <ItemGroup>
    <Filter Include="Assets">
      <UniqueIdentifier>{e48dc53e-40b1-40cb-970a-f89935452892}</UniqueIdentifier>
    </Filter>
    <Filter Include="Views">
      <UniqueIdentifier>{47d52f31-476b-46fe-b04b-1d309fcb8d06}</UniqueIdentifier>
    </Filter>
    <Filter Include="Config">
      <UniqueIdentifier>{e4e586d8-b9de-4cc3-b681-a313e6e8e2e0}</UniqueIdentifier>
    </Filter>
    <Filter Include="View Models">
      <UniqueIdentifier>{10809349-87c4-4be7-8f7a-5bbde132e42a}</UniqueIdentifier>
    </Filter>
    <Filter Include="Dialogs">
      <UniqueIdentifier>{29435cf7-5a13-4993-a038-8a260f21a88c}</UniqueIdentifier>
    </Filter>
    <Filter Include="Models">
      <UniqueIdentifier>{d623e85b-86a8-4d95-a78e-76ee6c1f811a}</UniqueIdentifier>
    </Filter>
  </ItemGroup>
  <ItemGroup>
    <None Include="packages.config">
      <Filter>Config</Filter>
    </None>
    <None Include="PropertySheet.props">
      <Filter>Config</Filter>
    </None>
  </ItemGroup>
  <ItemGroup>
    <ApplicationDefinition Include="App.xaml">
      <Filter>Config</Filter>
    </ApplicationDefinition>
  </ItemGroup>
  <ItemGroup>
    <AppxManifest Include="Package.appxmanifest">
      <Filter>Config</Filter>
    </AppxManifest>
  </ItemGroup>
  <ItemGroup>
    <ClInclude Include="pch.h">
      <Filter>Config</Filter>
    </ClInclude>
    <ClInclude Include="ModelsViewModel.h">
      <Filter>View Models</Filter>
    </ClInclude>
    <ClInclude Include="DownloadModelViewModel.h">
      <Filter>View Models</Filter>
    </ClInclude>
    <ClInclude Include="ModelRepository.h">
      <Filter>Models</Filter>
    </ClInclude>
    <ClInclude Include="InferenceViewModel.h">
      <Filter>View Models</Filter>
    </ClInclude>
  </ItemGroup>
</Project>